{
  "requires": true,
  "lockfileVersion": 1,
  "dependencies": {
    "lightbox2": {
      "version": "2.11.1",
      "resolved": "https://registry.npmjs.org/lightbox2/-/lightbox2-2.11.1.tgz",
      "integrity": "sha512-24vsIspqtcnkVlh6XgGK+vHm9tUc2/x4tNpAQdEAbafIrTk4fzVgozcIX7ExUG0TAlhsE7VMtWc+WD5Sb7PiXA=="
    },
    "typeface-open-sans": {
      "version": "0.0.75",
      "resolved": "https://registry.npmjs.org/typeface-open-sans/-/typeface-open-sans-0.0.75.tgz",
      "integrity": "sha512-0lLmB7pfj113OP4T78SbpSmC4OCdFQ0vUxdSXQccsSb6qF76F92iEuC/DghFgmPswTyidk8+Hwf+PS/htiJoRQ=="
    }
  }
}
